// !$*UTF8*$!
{
	archiveVersion = 1;
	classes = {
	};
	objectVersion = 56;
	objects = {

/* Begin PBXBuildFile section */
		0D332F7C2C4098B6009AD721 /* SensorsViewController.swift in Sources */ = {isa = PBXBuildFile; fileRef = 0D332F7B2C4098B6009AD721 /* SensorsViewController.swift */; };
		0D92F0AE2C5031AC00D48171 /* gps.png in Resources */ = {isa = PBXBuildFile; fileRef = 0D92F0A42C5031AC00D48171 /* gps.png */; };
		0D92F0AF2C5031AC00D48171 /* thermometer.png in Resources */ = {isa = PBXBuildFile; fileRef = 0D92F0A52C5031AC00D48171 /* thermometer.png */; };
		0D92F0B02C5031AC00D48171 /* multiple-users-silhouette.png in Resources */ = {isa = PBXBuildFile; fileRef = 0D92F0A62C5031AC00D48171 /* multiple-users-silhouette.png */; };
		0D92F0B12C5031AC00D48171 /* file.png in Resources */ = {isa = PBXBuildFile; fileRef = 0D92F0A72C5031AC00D48171 /* file.png */; };
		0D92F0B22C5031AC00D48171 /* user.png in Resources */ = {isa = PBXBuildFile; fileRef = 0D92F0A82C5031AC00D48171 /* user.png */; };
		0D92F0B32C5031AC00D48171 /* list.png in Resources */ = {isa = PBXBuildFile; fileRef = 0D92F0A92C5031AC00D48171 /* list.png */; };
		0D92F0B42C5031AC00D48171 /* video-camera.png in Resources */ = {isa = PBXBuildFile; fileRef = 0D92F0AA2C5031AC00D48171 /* video-camera.png */; };
		0D92F0B52C5031AC00D48171 /* helmet.png in Resources */ = {isa = PBXBuildFile; fileRef = 0D92F0AB2C5031AC00D48171 /* helmet.png */; };
		0D92F0B62C5031AC00D48171 /* house-black-silhouette-without-door.png in Resources */ = {isa = PBXBuildFile; fileRef = 0D92F0AC2C5031AC00D48171 /* house-black-silhouette-without-door.png */; };
		0D92F0B72C5031AC00D48171 /* carbon-monoxide.png in Resources */ = {isa = PBXBuildFile; fileRef = 0D92F0AD2C5031AC00D48171 /* carbon-monoxide.png */; };
		0DBC8AC82C50497300DF602B /* EnvironmentViewController.swift in Sources */ = {isa = PBXBuildFile; fileRef = 0DBC8AC72C50497300DF602B /* EnvironmentViewController.swift */; };
		0DBC8ACB2C504E8000DF602B /* MapKit.framework in Frameworks */ = {isa = PBXBuildFile; fileRef = 0DBC8ACA2C504E8000DF602B /* MapKit.framework */; };
		0DBC8ACD2C50751100DF602B /* RegistrarEViewController.swift in Sources */ = {isa = PBXBuildFile; fileRef = 0DBC8ACC2C50751100DF602B /* RegistrarEViewController.swift */; };
		0DBC8ACF2C50763600DF602B /* InformacionViewController.swift in Sources */ = {isa = PBXBuildFile; fileRef = 0DBC8ACE2C50763600DF602B /* InformacionViewController.swift */; };
		0DBDA3102C49C5F0007F0D45 /* TemperatureViewController.swift in Sources */ = {isa = PBXBuildFile; fileRef = 0DBDA30F2C49C5F0007F0D45 /* TemperatureViewController.swift */; };
		0DBDA3122C49C60A007F0D45 /* GPSViewController.swift in Sources */ = {isa = PBXBuildFile; fileRef = 0DBDA3112C49C60A007F0D45 /* GPSViewController.swift */; };
		0DBDA3142C49C626007F0D45 /* CameraViewController.swift in Sources */ = {isa = PBXBuildFile; fileRef = 0DBDA3132C49C626007F0D45 /* CameraViewController.swift */; };
		0DC18A282C5172F30047B3C2 /* RegistrarUserViewController.swift in Sources */ = {isa = PBXBuildFile; fileRef = 0DC18A272C5172F30047B3C2 /* RegistrarUserViewController.swift */; };
		0DC18A2A2C51747A0047B3C2 /* EditarViewController.swift in Sources */ = {isa = PBXBuildFile; fileRef = 0DC18A292C51747A0047B3C2 /* EditarViewController.swift */; };
		0DC18A2C2C5175880047B3C2 /* CodigoViewController.swift in Sources */ = {isa = PBXBuildFile; fileRef = 0DC18A2B2C5175880047B3C2 /* CodigoViewController.swift */; };
		0DC18A302C51775A0047B3C2 /* CambioContraViewController.swift in Sources */ = {isa = PBXBuildFile; fileRef = 0DC18A2F2C51775A0047B3C2 /* CambioContraViewController.swift */; };
		0DC18A322C51788A0047B3C2 /* IngresarcViewController.swift in Sources */ = {isa = PBXBuildFile; fileRef = 0DC18A312C51788A0047B3C2 /* IngresarcViewController.swift */; };
		0DC18A352C517D550047B3C2 /* CrudBtnsViewController.swift in Sources */ = {isa = PBXBuildFile; fileRef = 0DC18A342C517D550047B3C2 /* CrudBtnsViewController.swift */; };
		0DEFF7002C22051500BD6AD8 /* AppDelegate.swift in Sources */ = {isa = PBXBuildFile; fileRef = 0DEFF6FF2C22051500BD6AD8 /* AppDelegate.swift */; };
		0DEFF7022C22051500BD6AD8 /* SceneDelegate.swift in Sources */ = {isa = PBXBuildFile; fileRef = 0DEFF7012C22051500BD6AD8 /* SceneDelegate.swift */; };
		0DEFF7042C22051500BD6AD8 /* ViewController.swift in Sources */ = {isa = PBXBuildFile; fileRef = 0DEFF7032C22051500BD6AD8 /* ViewController.swift */; };
		0DEFF7072C22051500BD6AD8 /* Main.storyboard in Resources */ = {isa = PBXBuildFile; fileRef = 0DEFF7052C22051500BD6AD8 /* Main.storyboard */; };
		0DEFF7092C22051600BD6AD8 /* Assets.xcassets in Resources */ = {isa = PBXBuildFile; fileRef = 0DEFF7082C22051600BD6AD8 /* Assets.xcassets */; };
		0DEFF70C2C22051600BD6AD8 /* LaunchScreen.storyboard in Resources */ = {isa = PBXBuildFile; fileRef = 0DEFF70A2C22051600BD6AD8 /* LaunchScreen.storyboard */; };
		0DF8672E2C41A07600E5280B /* UIViewExtensions.swift in Sources */ = {isa = PBXBuildFile; fileRef = 0DF8672D2C41A07600E5280B /* UIViewExtensions.swift */; };
		0DF867302C41C6FB00E5280B /* ScrollViewUserSensorsViewController.swift in Sources */ = {isa = PBXBuildFile; fileRef = 0DF8672F2C41C6FB00E5280B /* ScrollViewUserSensorsViewController.swift */; };
		6E56A24C2C64081600290993 /* RegistrarDireccionViewController.swift in Sources */ = {isa = PBXBuildFile; fileRef = 6E56A24B2C64081600290993 /* RegistrarDireccionViewController.swift */; };
		6E56A2502C643DEA00290993 /* ElegirDireccionViewController.swift in Sources */ = {isa = PBXBuildFile; fileRef = 6E56A24F2C643DEA00290993 /* ElegirDireccionViewController.swift */; };
		6E56A2522C66AC4700290993 /* casco_ibañez.png in Resources */ = {isa = PBXBuildFile; fileRef = 6E56A2512C66AC4700290993 /* casco_ibañez.png */; };
		6E7D71262C59982C007C6BCC /* ApiService.swift in Sources */ = {isa = PBXBuildFile; fileRef = 6E7D71252C59982C007C6BCC /* ApiService.swift */; };
		6EB863FA2C5ACA6E008E0C02 /* Models.swift in Sources */ = {isa = PBXBuildFile; fileRef = 6EB863F92C5ACA6E008E0C02 /* Models.swift */; };
		6EFA8C0B2C66BDDF0010A49E /* InfoButtonsViewController.swift in Sources */ = {isa = PBXBuildFile; fileRef = 6EFA8C0A2C66BDDF0010A49E /* InfoButtonsViewController.swift */; };
		6EFA8C0D2C66BDEF0010A49E /* HistorialButtonsViewController.swift in Sources */ = {isa = PBXBuildFile; fileRef = 6EFA8C0C2C66BDEF0010A49E /* HistorialButtonsViewController.swift */; };
		6EFA8C0F2C66BE140010A49E /* PersonalHelmetViewController.swift in Sources */ = {isa = PBXBuildFile; fileRef = 6EFA8C0E2C66BE140010A49E /* PersonalHelmetViewController.swift */; };
		6EFA8C132C694C070010A49E /* VerificacionViewController.swift in Sources */ = {isa = PBXBuildFile; fileRef = 6EFA8C122C694C070010A49E /* VerificacionViewController.swift */; };
		6EFA8C152C6A5D8C0010A49E /* Diseño sin título (1).jpg in Resources */ = {isa = PBXBuildFile; fileRef = 6EFA8C142C6A5D8C0010A49E /* Diseño sin título (1).jpg */; };
/* End PBXBuildFile section */

/* Begin PBXFileReference section */
		0D332F7B2C4098B6009AD721 /* SensorsViewController.swift */ = {isa = PBXFileReference; lastKnownFileType = sourcecode.swift; path = SensorsViewController.swift; sourceTree = "<group>"; };
		0D92F0A42C5031AC00D48171 /* gps.png */ = {isa = PBXFileReference; lastKnownFileType = image.png; path = gps.png; sourceTree = "<group>"; };
		0D92F0A52C5031AC00D48171 /* thermometer.png */ = {isa = PBXFileReference; lastKnownFileType = image.png; path = thermometer.png; sourceTree = "<group>"; };
		0D92F0A62C5031AC00D48171 /* multiple-users-silhouette.png */ = {isa = PBXFileReference; lastKnownFileType = image.png; path = "multiple-users-silhouette.png"; sourceTree = "<group>"; };
		0D92F0A72C5031AC00D48171 /* file.png */ = {isa = PBXFileReference; lastKnownFileType = image.png; path = file.png; sourceTree = "<group>"; };
		0D92F0A82C5031AC00D48171 /* user.png */ = {isa = PBXFileReference; lastKnownFileType = image.png; path = user.png; sourceTree = "<group>"; };
		0D92F0A92C5031AC00D48171 /* list.png */ = {isa = PBXFileReference; lastKnownFileType = image.png; path = list.png; sourceTree = "<group>"; };
		0D92F0AA2C5031AC00D48171 /* video-camera.png */ = {isa = PBXFileReference; lastKnownFileType = image.png; path = "video-camera.png"; sourceTree = "<group>"; };
		0D92F0AB2C5031AC00D48171 /* helmet.png */ = {isa = PBXFileReference; lastKnownFileType = image.png; path = helmet.png; sourceTree = "<group>"; };
		0D92F0AC2C5031AC00D48171 /* house-black-silhouette-without-door.png */ = {isa = PBXFileReference; lastKnownFileType = image.png; path = "house-black-silhouette-without-door.png"; sourceTree = "<group>"; };
		0D92F0AD2C5031AC00D48171 /* carbon-monoxide.png */ = {isa = PBXFileReference; lastKnownFileType = image.png; path = "carbon-monoxide.png"; sourceTree = "<group>"; };
		0DBC8AC72C50497300DF602B /* EnvironmentViewController.swift */ = {isa = PBXFileReference; lastKnownFileType = sourcecode.swift; path = EnvironmentViewController.swift; sourceTree = "<group>"; };
		0DBC8ACA2C504E8000DF602B /* MapKit.framework */ = {isa = PBXFileReference; lastKnownFileType = wrapper.framework; name = MapKit.framework; path = System/Library/Frameworks/MapKit.framework; sourceTree = SDKROOT; };
		0DBC8ACC2C50751100DF602B /* RegistrarEViewController.swift */ = {isa = PBXFileReference; lastKnownFileType = sourcecode.swift; path = RegistrarEViewController.swift; sourceTree = "<group>"; };
		0DBC8ACE2C50763600DF602B /* InformacionViewController.swift */ = {isa = PBXFileReference; lastKnownFileType = sourcecode.swift; path = InformacionViewController.swift; sourceTree = "<group>"; };
		0DBDA30F2C49C5F0007F0D45 /* TemperatureViewController.swift */ = {isa = PBXFileReference; lastKnownFileType = sourcecode.swift; path = TemperatureViewController.swift; sourceTree = "<group>"; };
		0DBDA3112C49C60A007F0D45 /* GPSViewController.swift */ = {isa = PBXFileReference; lastKnownFileType = sourcecode.swift; path = GPSViewController.swift; sourceTree = "<group>"; };
		0DBDA3132C49C626007F0D45 /* CameraViewController.swift */ = {isa = PBXFileReference; lastKnownFileType = sourcecode.swift; path = CameraViewController.swift; sourceTree = "<group>"; };
		0DC18A272C5172F30047B3C2 /* RegistrarUserViewController.swift */ = {isa = PBXFileReference; lastKnownFileType = sourcecode.swift; path = RegistrarUserViewController.swift; sourceTree = "<group>"; };
		0DC18A292C51747A0047B3C2 /* EditarViewController.swift */ = {isa = PBXFileReference; lastKnownFileType = sourcecode.swift; path = EditarViewController.swift; sourceTree = "<group>"; };
		0DC18A2B2C5175880047B3C2 /* CodigoViewController.swift */ = {isa = PBXFileReference; lastKnownFileType = sourcecode.swift; path = CodigoViewController.swift; sourceTree = "<group>"; };
		0DC18A2F2C51775A0047B3C2 /* CambioContraViewController.swift */ = {isa = PBXFileReference; lastKnownFileType = sourcecode.swift; path = CambioContraViewController.swift; sourceTree = "<group>"; };
		0DC18A312C51788A0047B3C2 /* IngresarcViewController.swift */ = {isa = PBXFileReference; lastKnownFileType = sourcecode.swift; path = IngresarcViewController.swift; sourceTree = "<group>"; };
		0DC18A342C517D550047B3C2 /* CrudBtnsViewController.swift */ = {isa = PBXFileReference; lastKnownFileType = sourcecode.swift; path = CrudBtnsViewController.swift; sourceTree = "<group>"; };
		0DEFF6FC2C22051500BD6AD8 /* OCTAVIO_QUINTO.app */ = {isa = PBXFileReference; explicitFileType = wrapper.application; includeInIndex = 0; path = OCTAVIO_QUINTO.app; sourceTree = BUILT_PRODUCTS_DIR; };
		0DEFF6FF2C22051500BD6AD8 /* AppDelegate.swift */ = {isa = PBXFileReference; lastKnownFileType = sourcecode.swift; path = AppDelegate.swift; sourceTree = "<group>"; };
		0DEFF7012C22051500BD6AD8 /* SceneDelegate.swift */ = {isa = PBXFileReference; lastKnownFileType = sourcecode.swift; path = SceneDelegate.swift; sourceTree = "<group>"; };
		0DEFF7032C22051500BD6AD8 /* ViewController.swift */ = {isa = PBXFileReference; lastKnownFileType = sourcecode.swift; path = ViewController.swift; sourceTree = "<group>"; };
		0DEFF7062C22051500BD6AD8 /* Base */ = {isa = PBXFileReference; lastKnownFileType = file.storyboard; name = Base; path = Base.lproj/Main.storyboard; sourceTree = "<group>"; };
		0DEFF7082C22051600BD6AD8 /* Assets.xcassets */ = {isa = PBXFileReference; lastKnownFileType = folder.assetcatalog; path = Assets.xcassets; sourceTree = "<group>"; };
		0DEFF70B2C22051600BD6AD8 /* Base */ = {isa = PBXFileReference; lastKnownFileType = file.storyboard; name = Base; path = Base.lproj/LaunchScreen.storyboard; sourceTree = "<group>"; };
		0DEFF70D2C22051600BD6AD8 /* Info.plist */ = {isa = PBXFileReference; lastKnownFileType = text.plist.xml; path = Info.plist; sourceTree = "<group>"; };
		0DF8672D2C41A07600E5280B /* UIViewExtensions.swift */ = {isa = PBXFileReference; lastKnownFileType = sourcecode.swift; path = UIViewExtensions.swift; sourceTree = "<group>"; };
		0DF8672F2C41C6FB00E5280B /* ScrollViewUserSensorsViewController.swift */ = {isa = PBXFileReference; lastKnownFileType = sourcecode.swift; path = ScrollViewUserSensorsViewController.swift; sourceTree = "<group>"; };
		6E56A24B2C64081600290993 /* RegistrarDireccionViewController.swift */ = {isa = PBXFileReference; lastKnownFileType = sourcecode.swift; path = RegistrarDireccionViewController.swift; sourceTree = "<group>"; };
		6E56A24F2C643DEA00290993 /* ElegirDireccionViewController.swift */ = {isa = PBXFileReference; lastKnownFileType = sourcecode.swift; path = ElegirDireccionViewController.swift; sourceTree = "<group>"; };
		6E56A2512C66AC4700290993 /* casco_ibañez.png */ = {isa = PBXFileReference; lastKnownFileType = image.png; name = "casco_ibañez.png"; path = "../../../../Documents/casco_ibañez.png"; sourceTree = "<group>"; };
		6E7D71252C59982C007C6BCC /* ApiService.swift */ = {isa = PBXFileReference; lastKnownFileType = sourcecode.swift; path = ApiService.swift; sourceTree = "<group>"; };
		6EB863F92C5ACA6E008E0C02 /* Models.swift */ = {isa = PBXFileReference; lastKnownFileType = sourcecode.swift; path = Models.swift; sourceTree = "<group>"; };
		6EFA8C0A2C66BDDF0010A49E /* InfoButtonsViewController.swift */ = {isa = PBXFileReference; lastKnownFileType = sourcecode.swift; path = InfoButtonsViewController.swift; sourceTree = "<group>"; };
		6EFA8C0C2C66BDEF0010A49E /* HistorialButtonsViewController.swift */ = {isa = PBXFileReference; lastKnownFileType = sourcecode.swift; path = HistorialButtonsViewController.swift; sourceTree = "<group>"; };
		6EFA8C0E2C66BE140010A49E /* PersonalHelmetViewController.swift */ = {isa = PBXFileReference; lastKnownFileType = sourcecode.swift; path = PersonalHelmetViewController.swift; sourceTree = "<group>"; };
		6EFA8C122C694C070010A49E /* VerificacionViewController.swift */ = {isa = PBXFileReference; lastKnownFileType = sourcecode.swift; path = VerificacionViewController.swift; sourceTree = "<group>"; };
		6EFA8C142C6A5D8C0010A49E /* Diseño sin título (1).jpg */ = {isa = PBXFileReference; lastKnownFileType = image.jpeg; name = "Diseño sin título (1).jpg"; path = "../../../../Documents/Diseño sin título (1).jpg"; sourceTree = "<group>"; };
/* End PBXFileReference section */

/* Begin PBXFrameworksBuildPhase section */
		0DEFF6F92C22051500BD6AD8 /* Frameworks */ = {
			isa = PBXFrameworksBuildPhase;
			buildActionMask = 2147483647;
			files = (
				0DBC8ACB2C504E8000DF602B /* MapKit.framework in Frameworks */,
			);
			runOnlyForDeploymentPostprocessing = 0;
		};
/* End PBXFrameworksBuildPhase section */

/* Begin PBXGroup section */
		0D1B011B2C51B8D000C8632E /* Infromation */ = {
			isa = PBXGroup;
			children = (
				0DBC8ACE2C50763600DF602B /* InformacionViewController.swift */,
				6EFA8C0A2C66BDDF0010A49E /* InfoButtonsViewController.swift */,
				6EFA8C0C2C66BDEF0010A49E /* HistorialButtonsViewController.swift */,
				6EFA8C0E2C66BE140010A49E /* PersonalHelmetViewController.swift */,
			);
			path = Infromation;
			sourceTree = "<group>";
		};
		0D92F0A32C5031AC00D48171 /* resources */ = {
			isa = PBXGroup;
			children = (
				6EFA8C142C6A5D8C0010A49E /* Diseño sin título (1).jpg */,
				6E56A2512C66AC4700290993 /* casco_ibañez.png */,
				0D92F0A42C5031AC00D48171 /* gps.png */,
				0D92F0A52C5031AC00D48171 /* thermometer.png */,
				0D92F0A62C5031AC00D48171 /* multiple-users-silhouette.png */,
				0D92F0A72C5031AC00D48171 /* file.png */,
				0D92F0A82C5031AC00D48171 /* user.png */,
				0D92F0A92C5031AC00D48171 /* list.png */,
				0D92F0AA2C5031AC00D48171 /* video-camera.png */,
				0D92F0AB2C5031AC00D48171 /* helmet.png */,
				0D92F0AC2C5031AC00D48171 /* house-black-silhouette-without-door.png */,
				0D92F0AD2C5031AC00D48171 /* carbon-monoxide.png */,
			);
			path = resources;
			sourceTree = "<group>";
		};
		0DBC8AC62C5048E500DF602B /* Sensors */ = {
			isa = PBXGroup;
			children = (
				0DBDA30F2C49C5F0007F0D45 /* TemperatureViewController.swift */,
				0DBDA3132C49C626007F0D45 /* CameraViewController.swift */,
				0DBDA3112C49C60A007F0D45 /* GPSViewController.swift */,
				0DBC8AC72C50497300DF602B /* EnvironmentViewController.swift */,
				0D332F7B2C4098B6009AD721 /* SensorsViewController.swift */,
			);
			path = Sensors;
			sourceTree = "<group>";
		};
		0DBC8AC92C504E8000DF602B /* Frameworks */ = {
			isa = PBXGroup;
			children = (
				0DBC8ACA2C504E8000DF602B /* MapKit.framework */,
			);
			name = Frameworks;
			sourceTree = "<group>";
		};
		0DC18A332C517CF00047B3C2 /* CRUD */ = {
			isa = PBXGroup;
			children = (
				0DBC8ACC2C50751100DF602B /* RegistrarEViewController.swift */,
				0DC18A272C5172F30047B3C2 /* RegistrarUserViewController.swift */,
				0DC18A292C51747A0047B3C2 /* EditarViewController.swift */,
				0DC18A342C517D550047B3C2 /* CrudBtnsViewController.swift */,
				6E56A24B2C64081600290993 /* RegistrarDireccionViewController.swift */,
				6E56A24F2C643DEA00290993 /* ElegirDireccionViewController.swift */,
				6EFA8C122C694C070010A49E /* VerificacionViewController.swift */,
			);
			path = CRUD;
			sourceTree = "<group>";
		};
		0DC18A362C51B3260047B3C2 /* ChangePassword */ = {
			isa = PBXGroup;
			children = (
				0DC18A2B2C5175880047B3C2 /* CodigoViewController.swift */,
				0DC18A2F2C51775A0047B3C2 /* CambioContraViewController.swift */,
				0DC18A312C51788A0047B3C2 /* IngresarcViewController.swift */,
			);
			path = ChangePassword;
			sourceTree = "<group>";
		};
		0DEFF6F32C22051500BD6AD8 = {
			isa = PBXGroup;
			children = (
				0DEFF6FE2C22051500BD6AD8 /* OCTAVIO_QUINTO */,
				0DEFF6FD2C22051500BD6AD8 /* Products */,
				0DBC8AC92C504E8000DF602B /* Frameworks */,
			);
			sourceTree = "<group>";
		};
		0DEFF6FD2C22051500BD6AD8 /* Products */ = {
			isa = PBXGroup;
			children = (
				0DEFF6FC2C22051500BD6AD8 /* OCTAVIO_QUINTO.app */,
			);
			name = Products;
			sourceTree = "<group>";
		};
		0DEFF6FE2C22051500BD6AD8 /* OCTAVIO_QUINTO */ = {
			isa = PBXGroup;
			children = (
				0D92F0A32C5031AC00D48171 /* resources */,
				0DEFF6FF2C22051500BD6AD8 /* AppDelegate.swift */,
				6E7D71252C59982C007C6BCC /* ApiService.swift */,
				0DEFF7012C22051500BD6AD8 /* SceneDelegate.swift */,
				6EB863F92C5ACA6E008E0C02 /* Models.swift */,
				0DF8672D2C41A07600E5280B /* UIViewExtensions.swift */,
				0DEFF7032C22051500BD6AD8 /* ViewController.swift */,
				0DF8672F2C41C6FB00E5280B /* ScrollViewUserSensorsViewController.swift */,
				0DEFF7052C22051500BD6AD8 /* Main.storyboard */,
				0DEFF7082C22051600BD6AD8 /* Assets.xcassets */,
				0DEFF70A2C22051600BD6AD8 /* LaunchScreen.storyboard */,
				0DEFF70D2C22051600BD6AD8 /* Info.plist */,
				0DBC8AC62C5048E500DF602B /* Sensors */,
				0D1B011B2C51B8D000C8632E /* Infromation */,
				0DC18A362C51B3260047B3C2 /* ChangePassword */,
				0DC18A332C517CF00047B3C2 /* CRUD */,
			);
			path = OCTAVIO_QUINTO;
			sourceTree = "<group>";
		};
/* End PBXGroup section */

/* Begin PBXNativeTarget section */
		0DEFF6FB2C22051500BD6AD8 /* OCTAVIO_QUINTO */ = {
			isa = PBXNativeTarget;
			buildConfigurationList = 0DEFF7102C22051600BD6AD8 /* Build configuration list for PBXNativeTarget "OCTAVIO_QUINTO" */;
			buildPhases = (
				0DEFF6F82C22051500BD6AD8 /* Sources */,
				0DEFF6F92C22051500BD6AD8 /* Frameworks */,
				0DEFF6FA2C22051500BD6AD8 /* Resources */,
			);
			buildRules = (
			);
			dependencies = (
			);
			name = OCTAVIO_QUINTO;
			productName = OCTAVIO_QUINTO;
			productReference = 0DEFF6FC2C22051500BD6AD8 /* OCTAVIO_QUINTO.app */;
			productType = "com.apple.product-type.application";
		};
/* End PBXNativeTarget section */

/* Begin PBXProject section */
		0DEFF6F42C22051500BD6AD8 /* Project object */ = {
			isa = PBXProject;
			attributes = {
				BuildIndependentTargetsInParallel = 1;
				LastSwiftUpdateCheck = 1420;
				LastUpgradeCheck = 1420;
				TargetAttributes = {
					0DEFF6FB2C22051500BD6AD8 = {
						CreatedOnToolsVersion = 14.2;
					};
				};
			};
			buildConfigurationList = 0DEFF6F72C22051500BD6AD8 /* Build configuration list for PBXProject "OCTAVIO_QUINTO" */;
			compatibilityVersion = "Xcode 14.0";
			developmentRegion = en;
			hasScannedForEncodings = 0;
			knownRegions = (
				en,
				Base,
			);
			mainGroup = 0DEFF6F32C22051500BD6AD8;
			productRefGroup = 0DEFF6FD2C22051500BD6AD8 /* Products */;
			projectDirPath = "";
			projectRoot = "";
			targets = (
				0DEFF6FB2C22051500BD6AD8 /* OCTAVIO_QUINTO */,
			);
		};
/* End PBXProject section */

/* Begin PBXResourcesBuildPhase section */
		0DEFF6FA2C22051500BD6AD8 /* Resources */ = {
			isa = PBXResourcesBuildPhase;
			buildActionMask = 2147483647;
			files = (
				0D92F0B52C5031AC00D48171 /* helmet.png in Resources */,
				0D92F0AE2C5031AC00D48171 /* gps.png in Resources */,
				0DEFF70C2C22051600BD6AD8 /* LaunchScreen.storyboard in Resources */,
				0D92F0B32C5031AC00D48171 /* list.png in Resources */,
				6EFA8C152C6A5D8C0010A49E /* Diseño sin título (1).jpg in Resources */,
				6E56A2522C66AC4700290993 /* casco_ibañez.png in Resources */,
				0D92F0B22C5031AC00D48171 /* user.png in Resources */,
				0D92F0B02C5031AC00D48171 /* multiple-users-silhouette.png in Resources */,
				0D92F0B72C5031AC00D48171 /* carbon-monoxide.png in Resources */,
				0DEFF7092C22051600BD6AD8 /* Assets.xcassets in Resources */,
				0DEFF7072C22051500BD6AD8 /* Main.storyboard in Resources */,
				0D92F0AF2C5031AC00D48171 /* thermometer.png in Resources */,
				0D92F0B62C5031AC00D48171 /* house-black-silhouette-without-door.png in Resources */,
				0D92F0B42C5031AC00D48171 /* video-camera.png in Resources */,
				0D92F0B12C5031AC00D48171 /* file.png in Resources */,
			);
			runOnlyForDeploymentPostprocessing = 0;
		};
/* End PBXResourcesBuildPhase section */

/* Begin PBXSourcesBuildPhase section */
		0DEFF6F82C22051500BD6AD8 /* Sources */ = {
			isa = PBXSourcesBuildPhase;
			buildActionMask = 2147483647;
			files = (
				0DBC8ACD2C50751100DF602B /* RegistrarEViewController.swift in Sources */,
				6EFA8C0D2C66BDEF0010A49E /* HistorialButtonsViewController.swift in Sources */,
				0DBC8AC82C50497300DF602B /* EnvironmentViewController.swift in Sources */,
				0DBC8ACF2C50763600DF602B /* InformacionViewController.swift in Sources */,
				0DEFF7042C22051500BD6AD8 /* ViewController.swift in Sources */,
				6EFA8C132C694C070010A49E /* VerificacionViewController.swift in Sources */,
				0DF8672E2C41A07600E5280B /* UIViewExtensions.swift in Sources */,
				6E7D71262C59982C007C6BCC /* ApiService.swift in Sources */,
				6EB863FA2C5ACA6E008E0C02 /* Models.swift in Sources */,
				0DC18A322C51788A0047B3C2 /* IngresarcViewController.swift in Sources */,
				6E56A2502C643DEA00290993 /* ElegirDireccionViewController.swift in Sources */,
				0DC18A2A2C51747A0047B3C2 /* EditarViewController.swift in Sources */,
				0DEFF7002C22051500BD6AD8 /* AppDelegate.swift in Sources */,
				0DBDA3122C49C60A007F0D45 /* GPSViewController.swift in Sources */,
				6EFA8C0F2C66BE140010A49E /* PersonalHelmetViewController.swift in Sources */,
				6EFA8C0B2C66BDDF0010A49E /* InfoButtonsViewController.swift in Sources */,
				0D332F7C2C4098B6009AD721 /* SensorsViewController.swift in Sources */,
				0DC18A302C51775A0047B3C2 /* CambioContraViewController.swift in Sources */,
				0DC18A2C2C5175880047B3C2 /* CodigoViewController.swift in Sources */,
				0DEFF7022C22051500BD6AD8 /* SceneDelegate.swift in Sources */,
				0DBDA3102C49C5F0007F0D45 /* TemperatureViewController.swift in Sources */,
				0DF867302C41C6FB00E5280B /* ScrollViewUserSensorsViewController.swift in Sources */,
				6E56A24C2C64081600290993 /* RegistrarDireccionViewController.swift in Sources */,
				0DC18A352C517D550047B3C2 /* CrudBtnsViewController.swift in Sources */,
				0DBDA3142C49C626007F0D45 /* CameraViewController.swift in Sources */,
				0DC18A282C5172F30047B3C2 /* RegistrarUserViewController.swift in Sources */,
			);
			runOnlyForDeploymentPostprocessing = 0;
		};
/* End PBXSourcesBuildPhase section */

/* Begin PBXVariantGroup section */
		0DEFF7052C22051500BD6AD8 /* Main.storyboard */ = {
			isa = PBXVariantGroup;
			children = (
				0DEFF7062C22051500BD6AD8 /* Base */,
			);
			name = Main.storyboard;
			sourceTree = "<group>";
		};
		0DEFF70A2C22051600BD6AD8 /* LaunchScreen.storyboard */ = {
			isa = PBXVariantGroup;
			children = (
				0DEFF70B2C22051600BD6AD8 /* Base */,
			);
			name = LaunchScreen.storyboard;
			sourceTree = "<group>";
		};
/* End PBXVariantGroup section */

/* Begin XCBuildConfiguration section */
		0DEFF70E2C22051600BD6AD8 /* Debug */ = {
			isa = XCBuildConfiguration;
			buildSettings = {
				ALWAYS_SEARCH_USER_PATHS = NO;
				CLANG_ANALYZER_NONNULL = YES;
				CLANG_ANALYZER_NUMBER_OBJECT_CONVERSION = YES_AGGRESSIVE;
				CLANG_CXX_LANGUAGE_STANDARD = "gnu++20";
				CLANG_ENABLE_MODULES = YES;
				CLANG_ENABLE_OBJC_ARC = YES;
				CLANG_ENABLE_OBJC_WEAK = YES;
				CLANG_WARN_BLOCK_CAPTURE_AUTORELEASING = YES;
				CLANG_WARN_BOOL_CONVERSION = YES;
				CLANG_WARN_COMMA = YES;
				CLANG_WARN_CONSTANT_CONVERSION = YES;
				CLANG_WARN_DEPRECATED_OBJC_IMPLEMENTATIONS = YES;
				CLANG_WARN_DIRECT_OBJC_ISA_USAGE = YES_ERROR;
				CLANG_WARN_DOCUMENTATION_COMMENTS = YES;
				CLANG_WARN_EMPTY_BODY = YES;
				CLANG_WARN_ENUM_CONVERSION = YES;
				CLANG_WARN_INFINITE_RECURSION = YES;
				CLANG_WARN_INT_CONVERSION = YES;
				CLANG_WARN_NON_LITERAL_NULL_CONVERSION = YES;
				CLANG_WARN_OBJC_IMPLICIT_RETAIN_SELF = YES;
				CLANG_WARN_OBJC_LITERAL_CONVERSION = YES;
				CLANG_WARN_OBJC_ROOT_CLASS = YES_ERROR;
				CLANG_WARN_QUOTED_INCLUDE_IN_FRAMEWORK_HEADER = YES;
				CLANG_WARN_RANGE_LOOP_ANALYSIS = YES;
				CLANG_WARN_STRICT_PROTOTYPES = YES;
				CLANG_WARN_SUSPICIOUS_MOVE = YES;
				CLANG_WARN_UNGUARDED_AVAILABILITY = YES_AGGRESSIVE;
				CLANG_WARN_UNREACHABLE_CODE = YES;
				CLANG_WARN__DUPLICATE_METHOD_MATCH = YES;
				COPY_PHASE_STRIP = NO;
				DEBUG_INFORMATION_FORMAT = dwarf;
				ENABLE_STRICT_OBJC_MSGSEND = YES;
				ENABLE_TESTABILITY = YES;
				GCC_C_LANGUAGE_STANDARD = gnu11;
				GCC_DYNAMIC_NO_PIC = NO;
				GCC_NO_COMMON_BLOCKS = YES;
				GCC_OPTIMIZATION_LEVEL = 0;
				GCC_PREPROCESSOR_DEFINITIONS = (
					"DEBUG=1",
					"$(inherited)",
				);
				GCC_WARN_64_TO_32_BIT_CONVERSION = YES;
				GCC_WARN_ABOUT_RETURN_TYPE = YES_ERROR;
				GCC_WARN_UNDECLARED_SELECTOR = YES;
				GCC_WARN_UNINITIALIZED_AUTOS = YES_AGGRESSIVE;
				GCC_WARN_UNUSED_FUNCTION = YES;
				GCC_WARN_UNUSED_VARIABLE = YES;
				IPHONEOS_DEPLOYMENT_TARGET = 16.2;
				MTL_ENABLE_DEBUG_INFO = INCLUDE_SOURCE;
				MTL_FAST_MATH = YES;
				ONLY_ACTIVE_ARCH = YES;
				SDKROOT = iphoneos;
				SWIFT_ACTIVE_COMPILATION_CONDITIONS = DEBUG;
				SWIFT_OPTIMIZATION_LEVEL = "-Onone";
			};
			name = Debug;
		};
		0DEFF70F2C22051600BD6AD8 /* Release */ = {
			isa = XCBuildConfiguration;
			buildSettings = {
				ALWAYS_SEARCH_USER_PATHS = NO;
				CLANG_ANALYZER_NONNULL = YES;
				CLANG_ANALYZER_NUMBER_OBJECT_CONVERSION = YES_AGGRESSIVE;
				CLANG_CXX_LANGUAGE_STANDARD = "gnu++20";
				CLANG_ENABLE_MODULES = YES;
				CLANG_ENABLE_OBJC_ARC = YES;
				CLANG_ENABLE_OBJC_WEAK = YES;
				CLANG_WARN_BLOCK_CAPTURE_AUTORELEASING = YES;
				CLANG_WARN_BOOL_CONVERSION = YES;
				CLANG_WARN_COMMA = YES;
				CLANG_WARN_CONSTANT_CONVERSION = YES;
				CLANG_WARN_DEPRECATED_OBJC_IMPLEMENTATIONS = YES;
				CLANG_WARN_DIRECT_OBJC_ISA_USAGE = YES_ERROR;
				CLANG_WARN_DOCUMENTATION_COMMENTS = YES;
				CLANG_WARN_EMPTY_BODY = YES;
				CLANG_WARN_ENUM_CONVERSION = YES;
				CLANG_WARN_INFINITE_RECURSION = YES;
				CLANG_WARN_INT_CONVERSION = YES;
				CLANG_WARN_NON_LITERAL_NULL_CONVERSION = YES;
				CLANG_WARN_OBJC_IMPLICIT_RETAIN_SELF = YES;
				CLANG_WARN_OBJC_LITERAL_CONVERSION = YES;
				CLANG_WARN_OBJC_ROOT_CLASS = YES_ERROR;
				CLANG_WARN_QUOTED_INCLUDE_IN_FRAMEWORK_HEADER = YES;
				CLANG_WARN_RANGE_LOOP_ANALYSIS = YES;
				CLANG_WARN_STRICT_PROTOTYPES = YES;
				CLANG_WARN_SUSPICIOUS_MOVE = YES;
				CLANG_WARN_UNGUARDED_AVAILABILITY = YES_AGGRESSIVE;
				CLANG_WARN_UNREACHABLE_CODE = YES;
				CLANG_WARN__DUPLICATE_METHOD_MATCH = YES;
				COPY_PHASE_STRIP = NO;
				DEBUG_INFORMATION_FORMAT = "dwarf-with-dsym";
				ENABLE_NS_ASSERTIONS = NO;
				ENABLE_STRICT_OBJC_MSGSEND = YES;
				GCC_C_LANGUAGE_STANDARD = gnu11;
				GCC_NO_COMMON_BLOCKS = YES;
				GCC_WARN_64_TO_32_BIT_CONVERSION = YES;
				GCC_WARN_ABOUT_RETURN_TYPE = YES_ERROR;
				GCC_WARN_UNDECLARED_SELECTOR = YES;
				GCC_WARN_UNINITIALIZED_AUTOS = YES_AGGRESSIVE;
				GCC_WARN_UNUSED_FUNCTION = YES;
				GCC_WARN_UNUSED_VARIABLE = YES;
				IPHONEOS_DEPLOYMENT_TARGET = 16.2;
				MTL_ENABLE_DEBUG_INFO = NO;
				MTL_FAST_MATH = YES;
				SDKROOT = iphoneos;
				SWIFT_COMPILATION_MODE = wholemodule;
				SWIFT_OPTIMIZATION_LEVEL = "-O";
				VALIDATE_PRODUCT = YES;
			};
			name = Release;
		};
		0DEFF7112C22051600BD6AD8 /* Debug */ = {
			isa = XCBuildConfiguration;
			buildSettings = {
				ASSETCATALOG_COMPILER_APPICON_NAME = AppIcon;
				ASSETCATALOG_COMPILER_GLOBAL_ACCENT_COLOR_NAME = AccentColor;
				CODE_SIGN_STYLE = Automatic;
				CURRENT_PROJECT_VERSION = 1;
				DEVELOPMENT_TEAM = XJRM92R6LQ;
				GENERATE_INFOPLIST_FILE = YES;
				INFOPLIST_FILE = OCTAVIO_QUINTO/Info.plist;
				INFOPLIST_KEY_CFBundleDisplayName = iHelmet;
				INFOPLIST_KEY_UIApplicationSupportsIndirectInputEvents = YES;
				INFOPLIST_KEY_UILaunchStoryboardName = LaunchScreen;
				INFOPLIST_KEY_UIMainStoryboardFile = Main;
				INFOPLIST_KEY_UISupportedInterfaceOrientations_iPad = "UIInterfaceOrientationPortrait UIInterfaceOrientationPortraitUpsideDown UIInterfaceOrientationLandscapeLeft UIInterfaceOrientationLandscapeRight";
				INFOPLIST_KEY_UISupportedInterfaceOrientations_iPhone = "UIInterfaceOrientationPortrait UIInterfaceOrientationLandscapeLeft UIInterfaceOrientationLandscapeRight";
				LD_RUNPATH_SEARCH_PATHS = (
					"$(inherited)",
					"@executable_path/Frameworks",
				);
				MARKETING_VERSION = 1.0;
				PRODUCT_BUNDLE_IDENTIFIER = "ADRIAN.OCTAVIO-QUINTO";
				PRODUCT_NAME = "$(TARGET_NAME)";
				SUPPORTED_PLATFORMS = "iphoneos iphonesimulator";
				SUPPORTS_MACCATALYST = NO;
				SUPPORTS_MAC_DESIGNED_FOR_IPHONE_IPAD = NO;
				SUPPORTS_XR_DESIGNED_FOR_IPHONE_IPAD = NO;
				SWIFT_EMIT_LOC_STRINGS = YES;
				SWIFT_VERSION = 5.0;
				TARGETED_DEVICE_FAMILY = 1;
			};
			name = Debug;
		};
		0DEFF7122C22051600BD6AD8 /* Release */ = {
			isa = XCBuildConfiguration;
			buildSettings = {
				ASSETCATALOG_COMPILER_APPICON_NAME = AppIcon;
				ASSETCATALOG_COMPILER_GLOBAL_ACCENT_COLOR_NAME = AccentColor;
				CODE_SIGN_STYLE = Automatic;
				CURRENT_PROJECT_VERSION = 1;
				DEVELOPMENT_TEAM = XJRM92R6LQ;
				GENERATE_INFOPLIST_FILE = YES;
				INFOPLIST_FILE = OCTAVIO_QUINTO/Info.plist;
				INFOPLIST_KEY_CFBundleDisplayName = iHelmet;
				INFOPLIST_KEY_UIApplicationSupportsIndirectInputEvents = YES;
				INFOPLIST_KEY_UILaunchStoryboardName = LaunchScreen;
				INFOPLIST_KEY_UIMainStoryboardFile = Main;
				INFOPLIST_KEY_UISupportedInterfaceOrientations_iPad = "UIInterfaceOrientationPortrait UIInterfaceOrientationPortraitUpsideDown UIInterfaceOrientationLandscapeLeft UIInterfaceOrientationLandscapeRight";
				INFOPLIST_KEY_UISupportedInterfaceOrientations_iPhone = "UIInterfaceOrientationPortrait UIInterfaceOrientationLandscapeLeft UIInterfaceOrientationLandscapeRight";
				LD_RUNPATH_SEARCH_PATHS = (
					"$(inherited)",
					"@executable_path/Frameworks",
				);
				MARKETING_VERSION = 1.0;
				PRODUCT_BUNDLE_IDENTIFIER = "ADRIAN.OCTAVIO-QUINTO";
				PRODUCT_NAME = "$(TARGET_NAME)";
				SUPPORTED_PLATFORMS = "iphoneos iphonesimulator";
				SUPPORTS_MACCATALYST = NO;
				SUPPORTS_MAC_DESIGNED_FOR_IPHONE_IPAD = NO;
				SUPPORTS_XR_DESIGNED_FOR_IPHONE_IPAD = NO;
				SWIFT_EMIT_LOC_STRINGS = YES;
				SWIFT_VERSION = 5.0;
				TARGETED_DEVICE_FAMILY = 1;
			};
			name = Release;
		};
/* End XCBuildConfiguration section */

/* Begin XCConfigurationList section */
		0DEFF6F72C22051500BD6AD8 /* Build configuration list for PBXProject "OCTAVIO_QUINTO" */ = {
			isa = XCConfigurationList;
			buildConfigurations = (
				0DEFF70E2C22051600BD6AD8 /* Debug */,
				0DEFF70F2C22051600BD6AD8 /* Release */,
			);
			defaultConfigurationIsVisible = 0;
			defaultConfigurationName = Release;
		};
		0DEFF7102C22051600BD6AD8 /* Build configuration list for PBXNativeTarget "OCTAVIO_QUINTO" */ = {
			isa = XCConfigurationList;
			buildConfigurations = (
				0DEFF7112C22051600BD6AD8 /* Debug */,
				0DEFF7122C22051600BD6AD8 /* Release */,
			);
			defaultConfigurationIsVisible = 0;
			defaultConfigurationName = Release;
		};
/* End XCConfigurationList section */
	};
	rootObject = 0DEFF6F42C22051500BD6AD8 /* Project object */;
}
